
Microsoft Visual Studio Solution File, Format Version 12.00
# Visual Studio 15
VisualStudioVersion = 15.0.28010.2041
MinimumVisualStudioVersion = 10.0.40219.1
Project("{FAE04EC0-301F-11D3-BF4B-00C04F79EFBC}") = "Offer", "Offer\Offer.csproj", "{9D304698-8135-4FE9-8AAD-0B9A28E59B5B}"
EndProject
Global
	GlobalSection(SolutionConfigurationPlatforms) = preSolution
		Debug|Any CPU = Debug|Any CPU
		Release|Any CPU = Release|Any CPU
	EndGlobalSection
	GlobalSection(ProjectConfigurationPlatforms) = postSolution
		{9D304698-8135-4FE9-8AAD-0B9A28E59B5B}.Debug|Any CPU.ActiveCfg = Debug|Any CPU
		{9D304698-8135-4FE9-8AAD-0B9A28E59B5B}.Debug|Any CPU.Build.0 = Debug|Any CPU
		{9D304698-8135-4FE9-8AAD-0B9A28E59B5B}.Release|Any CPU.ActiveCfg = Release|Any CPU
		{9D304698-8135-4FE9-8AAD-0B9A28E59B5B}.Release|Any CPU.Build.0 = Release|Any CPU
	EndGlobalSection
	GlobalSection(SolutionProperties) = preSolution
		HideSolutionNode = FALSE
	EndGlobalSection
	GlobalSection(ExtensibilityGlobals) = postSolution
		SolutionGuid = {3BEDAAB9-4390-447D-9359-17F34A56D084}
	EndGlobalSection
EndGlobal
